
Microsoft Visual Studio Solution File, Format Version 12.00
# Visual Studio Version 17
VisualStudioVersion = 17.9.34723.18
MinimumVisualStudioVersion = 10.0.40219.1
Project("{8BC9CEB8-8B4A-11D0-8D11-00A0C91BC942}") = "BudgetManagementSystem", "BudgetManagementSystem.vcxproj", "{3AFAE91F-BA62-400B-8AF7-A7BF60EC1207}"
EndProject
Global
	GlobalSection(SolutionConfigurationPlatforms) = preSolution
		Debug|x64 = Debug|x64
		Release|x64 = Release|x64
	EndGlobalSection
	GlobalSection(ProjectConfigurationPlatforms) = postSolution
		{3AFAE91F-BA62-400B-8AF7-A7BF60EC1207}.Debug|x64.ActiveCfg = Debug|x64
		{3AFAE91F-BA62-400B-8AF7-A7BF60EC1207}.Debug|x64.Build.0 = Debug|x64
		{3AFAE91F-BA62-400B-8AF7-A7BF60EC1207}.Release|x64.ActiveCfg = Release|x64
		{3AFAE91F-BA62-400B-8AF7-A7BF60EC1207}.Release|x64.Build.0 = Release|x64
	EndGlobalSection
	GlobalSection(SolutionProperties) = preSolution
		HideSolutionNode = FALSE
	EndGlobalSection
	GlobalSection(ExtensibilityGlobals) = postSolution
		SolutionGuid = {4CB28E6F-4981-43B4-A8A7-8E87A0742508}
	EndGlobalSection
EndGlobal
